
Microsoft Visual Studio Solution File, Format Version 12.00
# Visual Studio Version 17
VisualStudioVersion = 17.14.36408.4
MinimumVisualStudioVersion = 10.0.40219.1
Project("{FAE04EC0-301F-11D3-BF4B-00C04F79EFBC}") = "DWinver", "DWinver.csproj", "{2007F57D-9BFD-4395-AF46-8E222014C2B9}"
EndProject
Global
	GlobalSection(SolutionConfigurationPlatforms) = preSolution
		Debug|Any CPU = Debug|Any CPU
		Release|Any CPU = Release|Any CPU
	EndGlobalSection
	GlobalSection(ProjectConfigurationPlatforms) = postSolution
		{2007F57D-9BFD-4395-AF46-8E222014C2B9}.Debug|Any CPU.ActiveCfg = Release|Any CPU
		{2007F57D-9BFD-4395-AF46-8E222014C2B9}.Debug|Any CPU.Build.0 = Release|Any CPU
		{2007F57D-9BFD-4395-AF46-8E222014C2B9}.Release|Any CPU.ActiveCfg = Release|Any CPU
		{2007F57D-9BFD-4395-AF46-8E222014C2B9}.Release|Any CPU.Build.0 = Release|Any CPU
	EndGlobalSection
	GlobalSection(SolutionProperties) = preSolution
		HideSolutionNode = FALSE
	EndGlobalSection
	GlobalSection(ExtensibilityGlobals) = postSolution
		SolutionGuid = {57CD9D15-CFE0-45BD-AA92-001FFEF470F5}
	EndGlobalSection
EndGlobal
